
Microsoft Visual Studio Solution File, Format Version 12.00
# Visual Studio Version 17
VisualStudioVersion = 17.14.36401.2
MinimumVisualStudioVersion = 10.0.40219.1
Project("{FAE04EC0-301F-11D3-BF4B-00C04F79EFBC}") = "Shipping.Core", "Shipping.Core\Shipping.Core.csproj", "{C0BDC142-5AE1-4E9D-ABF5-72956EA82715}"
EndProject
Project("{FAE04EC0-301F-11D3-BF4B-00C04F79EFBC}") = "Shipping.Application", "Shipping.Application\Shipping.Application.csproj", "{2F0188DE-0464-4457-BAAE-6C9744CCE2AA}"
EndProject
Project("{FAE04EC0-301F-11D3-BF4B-00C04F79EFBC}") = "Shipping.Infrastructure", "Shipping.Infrastructure\Shipping.Infrastructure.csproj", "{F1DAB81C-41B0-4AEE-87F2-361A01966451}"
EndProject
Project("{FAE04EC0-301F-11D3-BF4B-00C04F79EFBC}") = "Shipping.Api", "Shipping.Api\Shipping.Api.csproj", "{7F84433F-A447-48B1-8351-1087D29EEF4C}"
EndProject
Project("{FAE04EC0-301F-11D3-BF4B-00C04F79EFBC}") = "Shipping.Tests", "Shipping.Tests\Shipping.Tests.csproj", "{43600E36-01D1-419B-AC3A-FE5835A17DD0}"
EndProject
Global
	GlobalSection(SolutionConfigurationPlatforms) = preSolution
		Debug|Any CPU = Debug|Any CPU
		Release|Any CPU = Release|Any CPU
	EndGlobalSection
	GlobalSection(ProjectConfigurationPlatforms) = postSolution
		{C0BDC142-5AE1-4E9D-ABF5-72956EA82715}.Debug|Any CPU.ActiveCfg = Debug|Any CPU
		{C0BDC142-5AE1-4E9D-ABF5-72956EA82715}.Debug|Any CPU.Build.0 = Debug|Any CPU
		{C0BDC142-5AE1-4E9D-ABF5-72956EA82715}.Release|Any CPU.ActiveCfg = Release|Any CPU
		{C0BDC142-5AE1-4E9D-ABF5-72956EA82715}.Release|Any CPU.Build.0 = Release|Any CPU
		{2F0188DE-0464-4457-BAAE-6C9744CCE2AA}.Debug|Any CPU.ActiveCfg = Debug|Any CPU
		{2F0188DE-0464-4457-BAAE-6C9744CCE2AA}.Debug|Any CPU.Build.0 = Debug|Any CPU
		{2F0188DE-0464-4457-BAAE-6C9744CCE2AA}.Release|Any CPU.ActiveCfg = Release|Any CPU
		{2F0188DE-0464-4457-BAAE-6C9744CCE2AA}.Release|Any CPU.Build.0 = Release|Any CPU
		{F1DAB81C-41B0-4AEE-87F2-361A01966451}.Debug|Any CPU.ActiveCfg = Debug|Any CPU
		{F1DAB81C-41B0-4AEE-87F2-361A01966451}.Debug|Any CPU.Build.0 = Debug|Any CPU
		{F1DAB81C-41B0-4AEE-87F2-361A01966451}.Release|Any CPU.ActiveCfg = Release|Any CPU
		{F1DAB81C-41B0-4AEE-87F2-361A01966451}.Release|Any CPU.Build.0 = Release|Any CPU
		{7F84433F-A447-48B1-8351-1087D29EEF4C}.Debug|Any CPU.ActiveCfg = Debug|Any CPU
		{7F84433F-A447-48B1-8351-1087D29EEF4C}.Debug|Any CPU.Build.0 = Debug|Any CPU
		{7F84433F-A447-48B1-8351-1087D29EEF4C}.Release|Any CPU.ActiveCfg = Release|Any CPU
		{7F84433F-A447-48B1-8351-1087D29EEF4C}.Release|Any CPU.Build.0 = Release|Any CPU
		{43600E36-01D1-419B-AC3A-FE5835A17DD0}.Debug|Any CPU.ActiveCfg = Debug|Any CPU
		{43600E36-01D1-419B-AC3A-FE5835A17DD0}.Debug|Any CPU.Build.0 = Debug|Any CPU
		{43600E36-01D1-419B-AC3A-FE5835A17DD0}.Release|Any CPU.ActiveCfg = Release|Any CPU
		{43600E36-01D1-419B-AC3A-FE5835A17DD0}.Release|Any CPU.Build.0 = Release|Any CPU
	EndGlobalSection
	GlobalSection(SolutionProperties) = preSolution
		HideSolutionNode = FALSE
	EndGlobalSection
	GlobalSection(ExtensibilityGlobals) = postSolution
		SolutionGuid = {10791883-F873-47FD-9C4A-F0B9B6BD036E}
	EndGlobalSection
EndGlobal
